
Microsoft Visual Studio Solution File, Format Version 12.00
# Visual Studio 15
VisualStudioVersion = 15.0.26730.16
MinimumVisualStudioVersion = 10.0.40219.1
Project("{2150E333-8FDC-42A3-9474-1A3956D46DE8}") = "0-Presentations", "0-Presentations", "{5C481B5A-6E4E-4735-B781-E16C32D57AC0}"
EndProject
Project("{2150E333-8FDC-42A3-9474-1A3956D46DE8}") = "1-Services", "1-Services", "{2C8AEA50-37F9-4A41-80C0-AB636FB6F28F}"
EndProject
Project("{2150E333-8FDC-42A3-9474-1A3956D46DE8}") = "2-Applications", "2-Applications", "{699874A9-2EE0-4869-9E12-C6061A5CE124}"
EndProject
Project("{2150E333-8FDC-42A3-9474-1A3956D46DE8}") = "3-Domain", "3-Domain", "{AAEAB0EF-7A22-4CC3-BE95-80D913510B94}"
EndProject
Project("{2150E333-8FDC-42A3-9474-1A3956D46DE8}") = "4-Data", "4-Data", "{6B65AF87-7C25-4FFC-A811-9EF6AE199899}"
EndProject
Project("{2150E333-8FDC-42A3-9474-1A3956D46DE8}") = "5-Infra", "5-Infra", "{174FA4B2-1A10-444F-BD66-21ED572AF05B}"
EndProject
Project("{2150E333-8FDC-42A3-9474-1A3956D46DE8}") = "5.1-CrosCutting", "5.1-CrosCutting", "{8BF38330-8F28-4E0D-A824-996AAAA4D6EB}"
EndProject
Project("{FAE04EC0-301F-11D3-BF4B-00C04F79EFBC}") = "RM.Domain", "src\RM.Domain\RM.Domain.csproj", "{71616F37-DD10-40B7-9AC2-98AAF8D9BE72}"
EndProject
Project("{2150E333-8FDC-42A3-9474-1A3956D46DE8}") = "6-Shared", "6-Shared", "{FD5BFCD7-C256-45C1-B4CB-395AF9FB92E2}"
EndProject
Project("{FAE04EC0-301F-11D3-BF4B-00C04F79EFBC}") = "RM.Shared.Domain", "src\RM.Shared.Domain\RM.Shared.Domain.csproj", "{F9412E0F-F000-43A6-B6B2-59291A50C20F}"
EndProject
Project("{FAE04EC0-301F-11D3-BF4B-00C04F79EFBC}") = "RM.Data", "src\RM.Data\RM.Data.csproj", "{4F92D768-340E-48FC-BB61-6E587F40866A}"
EndProject
Project("{FAE04EC0-301F-11D3-BF4B-00C04F79EFBC}") = "RM.Application", "src\RM.Application\RM.Application.csproj", "{2B64819D-5BF8-4ADF-B079-4E3924FA386F}"
EndProject
Project("{FAE04EC0-301F-11D3-BF4B-00C04F79EFBC}") = "RM.Service.Transportadora", "RM.Service.Transportadora\RM.Service.Transportadora.csproj", "{490FEF73-B178-47A1-97CC-3209E1760AE6}"
EndProject
Project("{FAE04EC0-301F-11D3-BF4B-00C04F79EFBC}") = "RM.Infra.CrossCutting.IoC", "src\RM.Infra.CrossCutting.IoC\RM.Infra.CrossCutting.IoC.csproj", "{66E7E39C-A3DF-4768-AE7E-8E46D92D7D4E}"
EndProject
Project("{FAE04EC0-301F-11D3-BF4B-00C04F79EFBC}") = "RM.Presentation.UI", "src\RM.Presentation.UI\RM.Presentation.UI.csproj", "{2D2AC6B4-9B3D-4DB4-953E-FD1AAF14297E}"
EndProject
Global
	GlobalSection(SolutionConfigurationPlatforms) = preSolution
		Debug|Any CPU = Debug|Any CPU
		Release|Any CPU = Release|Any CPU
	EndGlobalSection
	GlobalSection(ProjectConfigurationPlatforms) = postSolution
		{71616F37-DD10-40B7-9AC2-98AAF8D9BE72}.Debug|Any CPU.ActiveCfg = Debug|Any CPU
		{71616F37-DD10-40B7-9AC2-98AAF8D9BE72}.Debug|Any CPU.Build.0 = Debug|Any CPU
		{71616F37-DD10-40B7-9AC2-98AAF8D9BE72}.Release|Any CPU.ActiveCfg = Release|Any CPU
		{71616F37-DD10-40B7-9AC2-98AAF8D9BE72}.Release|Any CPU.Build.0 = Release|Any CPU
		{F9412E0F-F000-43A6-B6B2-59291A50C20F}.Debug|Any CPU.ActiveCfg = Debug|Any CPU
		{F9412E0F-F000-43A6-B6B2-59291A50C20F}.Debug|Any CPU.Build.0 = Debug|Any CPU
		{F9412E0F-F000-43A6-B6B2-59291A50C20F}.Release|Any CPU.ActiveCfg = Release|Any CPU
		{F9412E0F-F000-43A6-B6B2-59291A50C20F}.Release|Any CPU.Build.0 = Release|Any CPU
		{4F92D768-340E-48FC-BB61-6E587F40866A}.Debug|Any CPU.ActiveCfg = Debug|Any CPU
		{4F92D768-340E-48FC-BB61-6E587F40866A}.Debug|Any CPU.Build.0 = Debug|Any CPU
		{4F92D768-340E-48FC-BB61-6E587F40866A}.Release|Any CPU.ActiveCfg = Release|Any CPU
		{4F92D768-340E-48FC-BB61-6E587F40866A}.Release|Any CPU.Build.0 = Release|Any CPU
		{2B64819D-5BF8-4ADF-B079-4E3924FA386F}.Debug|Any CPU.ActiveCfg = Debug|Any CPU
		{2B64819D-5BF8-4ADF-B079-4E3924FA386F}.Debug|Any CPU.Build.0 = Debug|Any CPU
		{2B64819D-5BF8-4ADF-B079-4E3924FA386F}.Release|Any CPU.ActiveCfg = Release|Any CPU
		{2B64819D-5BF8-4ADF-B079-4E3924FA386F}.Release|Any CPU.Build.0 = Release|Any CPU
		{490FEF73-B178-47A1-97CC-3209E1760AE6}.Debug|Any CPU.ActiveCfg = Debug|Any CPU
		{490FEF73-B178-47A1-97CC-3209E1760AE6}.Debug|Any CPU.Build.0 = Debug|Any CPU
		{490FEF73-B178-47A1-97CC-3209E1760AE6}.Release|Any CPU.ActiveCfg = Release|Any CPU
		{490FEF73-B178-47A1-97CC-3209E1760AE6}.Release|Any CPU.Build.0 = Release|Any CPU
		{66E7E39C-A3DF-4768-AE7E-8E46D92D7D4E}.Debug|Any CPU.ActiveCfg = Debug|Any CPU
		{66E7E39C-A3DF-4768-AE7E-8E46D92D7D4E}.Debug|Any CPU.Build.0 = Debug|Any CPU
		{66E7E39C-A3DF-4768-AE7E-8E46D92D7D4E}.Release|Any CPU.ActiveCfg = Release|Any CPU
		{66E7E39C-A3DF-4768-AE7E-8E46D92D7D4E}.Release|Any CPU.Build.0 = Release|Any CPU
		{2D2AC6B4-9B3D-4DB4-953E-FD1AAF14297E}.Debug|Any CPU.ActiveCfg = Debug|Any CPU
		{2D2AC6B4-9B3D-4DB4-953E-FD1AAF14297E}.Debug|Any CPU.Build.0 = Debug|Any CPU
		{2D2AC6B4-9B3D-4DB4-953E-FD1AAF14297E}.Release|Any CPU.ActiveCfg = Release|Any CPU
		{2D2AC6B4-9B3D-4DB4-953E-FD1AAF14297E}.Release|Any CPU.Build.0 = Release|Any CPU
	EndGlobalSection
	GlobalSection(SolutionProperties) = preSolution
		HideSolutionNode = FALSE
	EndGlobalSection
	GlobalSection(NestedProjects) = preSolution
		{8BF38330-8F28-4E0D-A824-996AAAA4D6EB} = {174FA4B2-1A10-444F-BD66-21ED572AF05B}
		{71616F37-DD10-40B7-9AC2-98AAF8D9BE72} = {AAEAB0EF-7A22-4CC3-BE95-80D913510B94}
		{F9412E0F-F000-43A6-B6B2-59291A50C20F} = {FD5BFCD7-C256-45C1-B4CB-395AF9FB92E2}
		{4F92D768-340E-48FC-BB61-6E587F40866A} = {6B65AF87-7C25-4FFC-A811-9EF6AE199899}
		{2B64819D-5BF8-4ADF-B079-4E3924FA386F} = {699874A9-2EE0-4869-9E12-C6061A5CE124}
		{490FEF73-B178-47A1-97CC-3209E1760AE6} = {2C8AEA50-37F9-4A41-80C0-AB636FB6F28F}
		{66E7E39C-A3DF-4768-AE7E-8E46D92D7D4E} = {8BF38330-8F28-4E0D-A824-996AAAA4D6EB}
		{2D2AC6B4-9B3D-4DB4-953E-FD1AAF14297E} = {5C481B5A-6E4E-4735-B781-E16C32D57AC0}
	EndGlobalSection
	GlobalSection(ExtensibilityGlobals) = postSolution
		SolutionGuid = {A5D2FFA4-C71C-4E1F-9B87-B55F2D8FAF67}
	EndGlobalSection
EndGlobal
